// !$*UTF8*$!
{
	archiveVersion = 1;
	classes = {
	};
	objectVersion = 46;
	objects = {

/* Begin PBXBuildFile section */
		88E5A77B1BC03CC400B5C911 /* AppDelegate.swift in Sources */ = {isa = PBXBuildFile; fileRef = 88E5A77A1BC03CC400B5C911 /* AppDelegate.swift */; };
		88E5A77D1BC03CC400B5C911 /* ViewController.swift in Sources */ = {isa = PBXBuildFile; fileRef = 88E5A77C1BC03CC400B5C911 /* ViewController.swift */; };
		88E5A7801BC03CC400B5C911 /* Main.storyboard in Resources */ = {isa = PBXBuildFile; fileRef = 88E5A77E1BC03CC400B5C911 /* Main.storyboard */; };
		88E5A7821BC03CC400B5C911 /* Images.xcassets in Resources */ = {isa = PBXBuildFile; fileRef = 88E5A7811BC03CC400B5C911 /* Images.xcassets */; };
		88E5A7851BC03CC400B5C911 /* LaunchScreen.xib in Resources */ = {isa = PBXBuildFile; fileRef = 88E5A7831BC03CC400B5C911 /* LaunchScreen.xib */; };
		88E5A7911BC03CC400B5C911 /* TraxTests.swift in Sources */ = {isa = PBXBuildFile; fileRef = 88E5A7901BC03CC400B5C911 /* TraxTests.swift */; };
/* End PBXBuildFile section */

/* Begin PBXContainerItemProxy section */
		88E5A78B1BC03CC400B5C911 /* PBXContainerItemProxy */ = {
			isa = PBXContainerItemProxy;
			containerPortal = 88E5A76D1BC03CC400B5C911 /* Project object */;
			proxyType = 1;
			remoteGlobalIDString = 88E5A7741BC03CC400B5C911;
			remoteInfo = Trax;
		};
/* End PBXContainerItemProxy section */

/* Begin PBXFileReference section */
		88E5A7751BC03CC400B5C911 /* Trax.app */ = {isa = PBXFileReference; explicitFileType = wrapper.application; includeInIndex = 0; path = Trax.app; sourceTree = BUILT_PRODUCTS_DIR; };
		88E5A7791BC03CC400B5C911 /* Info.plist */ = {isa = PBXFileReference; lastKnownFileType = text.plist.xml; path = Info.plist; sourceTree = "<group>"; };
		88E5A77A1BC03CC400B5C911 /* AppDelegate.swift */ = {isa = PBXFileReference; lastKnownFileType = sourcecode.swift; path = AppDelegate.swift; sourceTree = "<group>"; };
		88E5A77C1BC03CC400B5C911 /* ViewController.swift */ = {isa = PBXFileReference; lastKnownFileType = sourcecode.swift; path = ViewController.swift; sourceTree = "<group>"; };
		88E5A77F1BC03CC400B5C911 /* Base */ = {isa = PBXFileReference; lastKnownFileType = file.storyboard; name = Base; path = Base.lproj/Main.storyboard; sourceTree = "<group>"; };
		88E5A7811BC03CC400B5C911 /* Images.xcassets */ = {isa = PBXFileReference; lastKnownFileType = folder.assetcatalog; path = Images.xcassets; sourceTree = "<group>"; };
		88E5A7841BC03CC400B5C911 /* Base */ = {isa = PBXFileReference; lastKnownFileType = file.xib; name = Base; path = Base.lproj/LaunchScreen.xib; sourceTree = "<group>"; };
		88E5A78A1BC03CC400B5C911 /* TraxTests.xctest */ = {isa = PBXFileReference; explicitFileType = wrapper.cfbundle; includeInIndex = 0; path = TraxTests.xctest; sourceTree = BUILT_PRODUCTS_DIR; };
		88E5A78F1BC03CC400B5C911 /* Info.plist */ = {isa = PBXFileReference; lastKnownFileType = text.plist.xml; path = Info.plist; sourceTree = "<group>"; };
		88E5A7901BC03CC400B5C911 /* TraxTests.swift */ = {isa = PBXFileReference; lastKnownFileType = sourcecode.swift; path = TraxTests.swift; sourceTree = "<group>"; };
/* End PBXFileReference section */

/* Begin PBXFrameworksBuildPhase section */
		88E5A7721BC03CC400B5C911 /* Frameworks */ = {
			isa = PBXFrameworksBuildPhase;
			buildActionMask = 2147483647;
			files = (
			);
			runOnlyForDeploymentPostprocessing = 0;
		};
		88E5A7871BC03CC400B5C911 /* Frameworks */ = {
			isa = PBXFrameworksBuildPhase;
			buildActionMask = 2147483647;
			files = (
			);
			runOnlyForDeploymentPostprocessing = 0;
		};
/* End PBXFrameworksBuildPhase section */

/* Begin PBXGroup section */
		88E5A76C1BC03CC400B5C911 = {
			isa = PBXGroup;
			children = (
				88E5A7771BC03CC400B5C911 /* Trax */,
				88E5A78D1BC03CC400B5C911 /* TraxTests */,
				88E5A7761BC03CC400B5C911 /* Products */,
			);
			sourceTree = "<group>";
		};
		88E5A7761BC03CC400B5C911 /* Products */ = {
			isa = PBXGroup;
			children = (
				88E5A7751BC03CC400B5C911 /* Trax.app */,
				88E5A78A1BC03CC400B5C911 /* TraxTests.xctest */,
			);
			name = Products;
			sourceTree = "<group>";
		};
		88E5A7771BC03CC400B5C911 /* Trax */ = {
			isa = PBXGroup;
			children = (
				88E5A77A1BC03CC400B5C911 /* AppDelegate.swift */,
				88E5A77C1BC03CC400B5C911 /* ViewController.swift */,
				88E5A77E1BC03CC400B5C911 /* Main.storyboard */,
				88E5A7811BC03CC400B5C911 /* Images.xcassets */,
				88E5A7831BC03CC400B5C911 /* LaunchScreen.xib */,
				88E5A7781BC03CC400B5C911 /* Supporting Files */,
			);
			path = Trax;
			sourceTree = "<group>";
		};
		88E5A7781BC03CC400B5C911 /* Supporting Files */ = {
			isa = PBXGroup;
			children = (
				88E5A7791BC03CC400B5C911 /* Info.plist */,
			);
			name = "Supporting Files";
			sourceTree = "<group>";
		};
		88E5A78D1BC03CC400B5C911 /* TraxTests */ = {
			isa = PBXGroup;
			children = (
				88E5A7901BC03CC400B5C911 /* TraxTests.swift */,
				88E5A78E1BC03CC400B5C911 /* Supporting Files */,
			);
			path = TraxTests;
			sourceTree = "<group>";
		};
		88E5A78E1BC03CC400B5C911 /* Supporting Files */ = {
			isa = PBXGroup;
			children = (
				88E5A78F1BC03CC400B5C911 /* Info.plist */,
			);
			name = "Supporting Files";
			sourceTree = "<group>";
		};
/* End PBXGroup section */

/* Begin PBXNativeTarget section */
		88E5A7741BC03CC400B5C911 /* Trax */ = {
			isa = PBXNativeTarget;
			buildConfigurationList = 88E5A7941BC03CC400B5C911 /* Build configuration list for PBXNativeTarget "Trax" */;
			buildPhases = (
				88E5A7711BC03CC400B5C911 /* Sources */,
				88E5A7721BC03CC400B5C911 /* Frameworks */,
				88E5A7731BC03CC400B5C911 /* Resources */,
			);
			buildRules = (
			);
			dependencies = (
			);
			name = Trax;
			productName = Trax;
			productReference = 88E5A7751BC03CC400B5C911 /* Trax.app */;
			productType = "com.apple.product-type.application";
		};
		88E5A7891BC03CC400B5C911 /* TraxTests */ = {
			isa = PBXNativeTarget;
			buildConfigurationList = 88E5A7971BC03CC400B5C911 /* Build configuration list for PBXNativeTarget "TraxTests" */;
			buildPhases = (
				88E5A7861BC03CC400B5C911 /* Sources */,
				88E5A7871BC03CC400B5C911 /* Frameworks */,
				88E5A7881BC03CC400B5C911 /* Resources */,
			);
			buildRules = (
			);
			dependencies = (
				88E5A78C1BC03CC400B5C911 /* PBXTargetDependency */,
			);
			name = TraxTests;
			productName = TraxTests;
			productReference = 88E5A78A1BC03CC400B5C911 /* TraxTests.xctest */;
			productType = "com.apple.product-type.bundle.unit-test";
		};
/* End PBXNativeTarget section */

/* Begin PBXProject section */
		88E5A76D1BC03CC400B5C911 /* Project object */ = {
			isa = PBXProject;
			attributes = {
				LastUpgradeCheck = 0610;
				ORGANIZATIONNAME = JLLucini;
				TargetAttributes = {
					88E5A7741BC03CC400B5C911 = {
						CreatedOnToolsVersion = 6.1.1;
					};
					88E5A7891BC03CC400B5C911 = {
						CreatedOnToolsVersion = 6.1.1;
						TestTargetID = 88E5A7741BC03CC400B5C911;
					};
				};
			};
			buildConfigurationList = 88E5A7701BC03CC400B5C911 /* Build configuration list for PBXProject "Trax" */;
			compatibilityVersion = "Xcode 3.2";
			developmentRegion = English;
			hasScannedForEncodings = 0;
			knownRegions = (
				en,
				Base,
			);
			mainGroup = 88E5A76C1BC03CC400B5C911;
			productRefGroup = 88E5A7761BC03CC400B5C911 /* Products */;
			projectDirPath = "";
			projectRoot = "";
			targets = (
				88E5A7741BC03CC400B5C911 /* Trax */,
				88E5A7891BC03CC400B5C911 /* TraxTests */,
			);
		};
/* End PBXProject section */

/* Begin PBXResourcesBuildPhase section */
		88E5A7731BC03CC400B5C911 /* Resources */ = {
			isa = PBXResourcesBuildPhase;
			buildActionMask = 2147483647;
			files = (
				88E5A7801BC03CC400B5C911 /* Main.storyboard in Resources */,
				88E5A7851BC03CC400B5C911 /* LaunchScreen.xib in Resources */,
				88E5A7821BC03CC400B5C911 /* Images.xcassets in Resources */,
			);
			runOnlyForDeploymentPostprocessing = 0;
		};
		88E5A7881BC03CC400B5C911 /* Resources */ = {
			isa = PBXResourcesBuildPhase;
			buildActionMask = 2147483647;
			files = (
			);
			runOnlyForDeploymentPostprocessing = 0;
		};
/* End PBXResourcesBuildPhase section */

/* Begin PBXSourcesBuildPhase section */
		88E5A7711BC03CC400B5C911 /* Sources */ = {
			isa = PBXSourcesBuildPhase;
			buildActionMask = 2147483647;
			files = (
				88E5A77D1BC03CC400B5C911 /* ViewController.swift in Sources */,
				88E5A77B1BC03CC400B5C911 /* AppDelegate.swift in Sources */,
			);
			runOnlyForDeploymentPostprocessing = 0;
		};
		88E5A7861BC03CC400B5C911 /* Sources */ = {
			isa = PBXSourcesBuildPhase;
			buildActionMask = 2147483647;
			files = (
				88E5A7911BC03CC400B5C911 /* TraxTests.swift in Sources */,
			);
			runOnlyForDeploymentPostprocessing = 0;
		};
/* End PBXSourcesBuildPhase section */

/* Begin PBXTargetDependency section */
		88E5A78C1BC03CC400B5C911 /* PBXTargetDependency */ = {
			isa = PBXTargetDependency;
			target = 88E5A7741BC03CC400B5C911 /* Trax */;
			targetProxy = 88E5A78B1BC03CC400B5C911 /* PBXContainerItemProxy */;
		};
/* End PBXTargetDependency section */

/* Begin PBXVariantGroup section */
		88E5A77E1BC03CC400B5C911 /* Main.storyboard */ = {
			isa = PBXVariantGroup;
			children = (
				88E5A77F1BC03CC400B5C911 /* Base */,
			);
			name = Main.storyboard;
			sourceTree = "<group>";
		};
		88E5A7831BC03CC400B5C911 /* LaunchScreen.xib */ = {
			isa = PBXVariantGroup;
			children = (
				88E5A7841BC03CC400B5C911 /* Base */,
			);
			name = LaunchScreen.xib;
			sourceTree = "<group>";
		};
/* End PBXVariantGroup section */

/* Begin XCBuildConfiguration section */
		88E5A7921BC03CC400B5C911 /* Debug */ = {
			isa = XCBuildConfiguration;
			buildSettings = {
				ALWAYS_SEARCH_USER_PATHS = NO;
				CLANG_CXX_LANGUAGE_STANDARD = "gnu++0x";
				CLANG_CXX_LIBRARY = "libc++";
				CLANG_ENABLE_MODULES = YES;
				CLANG_ENABLE_OBJC_ARC = YES;
				CLANG_WARN_BOOL_CONVERSION = YES;
				CLANG_WARN_CONSTANT_CONVERSION = YES;
				CLANG_WARN_DIRECT_OBJC_ISA_USAGE = YES_ERROR;
				CLANG_WARN_EMPTY_BODY = YES;
				CLANG_WARN_ENUM_CONVERSION = YES;
				CLANG_WARN_INT_CONVERSION = YES;
				CLANG_WARN_OBJC_ROOT_CLASS = YES_ERROR;
				CLANG_WARN_UNREACHABLE_CODE = YES;
				CLANG_WARN__DUPLICATE_METHOD_MATCH = YES;
				"CODE_SIGN_IDENTITY[sdk=iphoneos*]" = "iPhone Developer";
				COPY_PHASE_STRIP = NO;
				ENABLE_STRICT_OBJC_MSGSEND = YES;
				GCC_C_LANGUAGE_STANDARD = gnu99;
				GCC_DYNAMIC_NO_PIC = NO;
				GCC_OPTIMIZATION_LEVEL = 0;
				GCC_PREPROCESSOR_DEFINITIONS = (
					"DEBUG=1",
					"$(inherited)",
				);
				GCC_SYMBOLS_PRIVATE_EXTERN = NO;
				GCC_WARN_64_TO_32_BIT_CONVERSION = YES;
				GCC_WARN_ABOUT_RETURN_TYPE = YES_ERROR;
				GCC_WARN_UNDECLARED_SELECTOR = YES;
				GCC_WARN_UNINITIALIZED_AUTOS = YES_AGGRESSIVE;
				GCC_WARN_UNUSED_FUNCTION = YES;
				GCC_WARN_UNUSED_VARIABLE = YES;
				IPHONEOS_DEPLOYMENT_TARGET = 8.1;
				MTL_ENABLE_DEBUG_INFO = YES;
				ONLY_ACTIVE_ARCH = YES;
				SDKROOT = iphoneos;
				SWIFT_OPTIMIZATION_LEVEL = "-Onone";
				TARGETED_DEVICE_FAMILY = "1,2";
			};
			name = Debug;
		};
		88E5A7931BC03CC400B5C911 /* Release */ = {
			isa = XCBuildConfiguration;
			buildSettings = {
				ALWAYS_SEARCH_USER_PATHS = NO;
				CLANG_CXX_LANGUAGE_STANDARD = "gnu++0x";
				CLANG_CXX_LIBRARY = "libc++";
				CLANG_ENABLE_MODULES = YES;
				CLANG_ENABLE_OBJC_ARC = YES;
				CLANG_WARN_BOOL_CONVERSION = YES;
				CLANG_WARN_CONSTANT_CONVERSION = YES;
				CLANG_WARN_DIRECT_OBJC_ISA_USAGE = YES_ERROR;
				CLANG_WARN_EMPTY_BODY = YES;
				CLANG_WARN_ENUM_CONVERSION = YES;
				CLANG_WARN_INT_CONVERSION = YES;
				CLANG_WARN_OBJC_ROOT_CLASS = YES_ERROR;
				CLANG_WARN_UNREACHABLE_CODE = YES;
				CLANG_WARN__DUPLICATE_METHOD_MATCH = YES;
				"CODE_SIGN_IDENTITY[sdk=iphoneos*]" = "iPhone Developer";
				COPY_PHASE_STRIP = YES;
				ENABLE_NS_ASSERTIONS = NO;
				ENABLE_STRICT_OBJC_MSGSEND = YES;
				GCC_C_LANGUAGE_STANDARD = gnu99;
				GCC_WARN_64_TO_32_BIT_CONVERSION = YES;
				GCC_WARN_ABOUT_RETURN_TYPE = YES_ERROR;
				GCC_WARN_UNDECLARED_SELECTOR = YES;
				GCC_WARN_UNINITIALIZED_AUTOS = YES_AGGRESSIVE;
				GCC_WARN_UNUSED_FUNCTION = YES;
				GCC_WARN_UNUSED_VARIABLE = YES;
				IPHONEOS_DEPLOYMENT_TARGET = 8.1;
				MTL_ENABLE_DEBUG_INFO = NO;
				SDKROOT = iphoneos;
				TARGETED_DEVICE_FAMILY = "1,2";
				VALIDATE_PRODUCT = YES;
			};
			name = Release;
		};
		88E5A7951BC03CC400B5C911 /* Debug */ = {
			isa = XCBuildConfiguration;
			buildSettings = {
				ASSETCATALOG_COMPILER_APPICON_NAME = AppIcon;
				INFOPLIST_FILE = Trax/Info.plist;
				LD_RUNPATH_SEARCH_PATHS = "$(inherited) @executable_path/Frameworks";
				PRODUCT_NAME = "$(TARGET_NAME)";
			};
			name = Debug;
		};
		88E5A7961BC03CC400B5C911 /* Release */ = {
			isa = XCBuildConfiguration;
			buildSettings = {
				ASSETCATALOG_COMPILER_APPICON_NAME = AppIcon;
				INFOPLIST_FILE = Trax/Info.plist;
				LD_RUNPATH_SEARCH_PATHS = "$(inherited) @executable_path/Frameworks";
				PRODUCT_NAME = "$(TARGET_NAME)";
			};
			name = Release;
		};
		88E5A7981BC03CC400B5C911 /* Debug */ = {
			isa = XCBuildConfiguration;
			buildSettings = {
				BUNDLE_LOADER = "$(TEST_HOST)";
				FRAMEWORK_SEARCH_PATHS = (
					"$(SDKROOT)/Developer/Library/Frameworks",
					"$(inherited)",
				);
				GCC_PREPROCESSOR_DEFINITIONS = (
					"DEBUG=1",
					"$(inherited)",
				);
				INFOPLIST_FILE = TraxTests/Info.plist;
				LD_RUNPATH_SEARCH_PATHS = "$(inherited) @executable_path/Frameworks @loader_path/Frameworks";
				PRODUCT_NAME = "$(TARGET_NAME)";
				TEST_HOST = "$(BUILT_PRODUCTS_DIR)/Trax.app/Trax";
			};
			name = Debug;
		};
		88E5A7991BC03CC400B5C911 /* Release */ = {
			isa = XCBuildConfiguration;
			buildSettings = {
				BUNDLE_LOADER = "$(TEST_HOST)";
				FRAMEWORK_SEARCH_PATHS = (
					"$(SDKROOT)/Developer/Library/Frameworks",
					"$(inherited)",
				);
				INFOPLIST_FILE = TraxTests/Info.plist;
				LD_RUNPATH_SEARCH_PATHS = "$(inherited) @executable_path/Frameworks @loader_path/Frameworks";
				PRODUCT_NAME = "$(TARGET_NAME)";
				TEST_HOST = "$(BUILT_PRODUCTS_DIR)/Trax.app/Trax";
			};
			name = Release;
		};
/* End XCBuildConfiguration section */

/* Begin XCConfigurationList section */
		88E5A7701BC03CC400B5C911 /* Build configuration list for PBXProject "Trax" */ = {
			isa = XCConfigurationList;
			buildConfigurations = (
				88E5A7921BC03CC400B5C911 /* Debug */,
				88E5A7931BC03CC400B5C911 /* Release */,
			);
			defaultConfigurationIsVisible = 0;
			defaultConfigurationName = Release;
		};
		88E5A7941BC03CC400B5C911 /* Build configuration list for PBXNativeTarget "Trax" */ = {
			isa = XCConfigurationList;
			buildConfigurations = (
				88E5A7951BC03CC400B5C911 /* Debug */,
				88E5A7961BC03CC400B5C911 /* Release */,
			);
			defaultConfigurationIsVisible = 0;
		};
		88E5A7971BC03CC400B5C911 /* Build configuration list for PBXNativeTarget "TraxTests" */ = {
			isa = XCConfigurationList;
			buildConfigurations = (
				88E5A7981BC03CC400B5C911 /* Debug */,
				88E5A7991BC03CC400B5C911 /* Release */,
			);
			defaultConfigurationIsVisible = 0;
		};
/* End XCConfigurationList section */
	};
	rootObject = 88E5A76D1BC03CC400B5C911 /* Project object */;
}
