// !$*UTF8*$!
{
	archiveVersion = 1;
	classes = {
	};
	objectVersion = 46;
	objects = {

/* Begin PBXBuildFile section */
		8821E1DA1BAEC4AB008CA7CD /* BricksView.swift in Sources */ = {isa = PBXBuildFile; fileRef = 8821E1D91BAEC4AB008CA7CD /* BricksView.swift */; };
		8821E1DC1BAF0B02008CA7CD /* BallView.swift in Sources */ = {isa = PBXBuildFile; fileRef = 8821E1DB1BAF0B02008CA7CD /* BallView.swift */; };
		8821E1DE1BB1C5DD008CA7CD /* PaddleView.swift in Sources */ = {isa = PBXBuildFile; fileRef = 8821E1DD1BB1C5DD008CA7CD /* PaddleView.swift */; };
		884CE0761BADCE44001595E3 /* AppDelegate.swift in Sources */ = {isa = PBXBuildFile; fileRef = 884CE0751BADCE44001595E3 /* AppDelegate.swift */; };
		884CE0781BADCE44001595E3 /* ViewController.swift in Sources */ = {isa = PBXBuildFile; fileRef = 884CE0771BADCE44001595E3 /* ViewController.swift */; };
		884CE07B1BADCE44001595E3 /* Main.storyboard in Resources */ = {isa = PBXBuildFile; fileRef = 884CE0791BADCE44001595E3 /* Main.storyboard */; };
		884CE07D1BADCE44001595E3 /* Images.xcassets in Resources */ = {isa = PBXBuildFile; fileRef = 884CE07C1BADCE44001595E3 /* Images.xcassets */; };
		884CE0801BADCE44001595E3 /* LaunchScreen.xib in Resources */ = {isa = PBXBuildFile; fileRef = 884CE07E1BADCE44001595E3 /* LaunchScreen.xib */; };
		884CE08C1BADCE44001595E3 /* BreakoutTests.swift in Sources */ = {isa = PBXBuildFile; fileRef = 884CE08B1BADCE44001595E3 /* BreakoutTests.swift */; };
/* End PBXBuildFile section */

/* Begin PBXContainerItemProxy section */
		884CE0861BADCE44001595E3 /* PBXContainerItemProxy */ = {
			isa = PBXContainerItemProxy;
			containerPortal = 884CE0681BADCE43001595E3 /* Project object */;
			proxyType = 1;
			remoteGlobalIDString = 884CE06F1BADCE44001595E3;
			remoteInfo = Breakout;
		};
/* End PBXContainerItemProxy section */

/* Begin PBXFileReference section */
		8821E1D91BAEC4AB008CA7CD /* BricksView.swift */ = {isa = PBXFileReference; fileEncoding = 4; lastKnownFileType = sourcecode.swift; path = BricksView.swift; sourceTree = "<group>"; };
		8821E1DB1BAF0B02008CA7CD /* BallView.swift */ = {isa = PBXFileReference; fileEncoding = 4; lastKnownFileType = sourcecode.swift; path = BallView.swift; sourceTree = "<group>"; };
		8821E1DD1BB1C5DD008CA7CD /* PaddleView.swift */ = {isa = PBXFileReference; fileEncoding = 4; lastKnownFileType = sourcecode.swift; path = PaddleView.swift; sourceTree = "<group>"; };
		884CE0701BADCE44001595E3 /* Breakout.app */ = {isa = PBXFileReference; explicitFileType = wrapper.application; includeInIndex = 0; path = Breakout.app; sourceTree = BUILT_PRODUCTS_DIR; };
		884CE0741BADCE44001595E3 /* Info.plist */ = {isa = PBXFileReference; lastKnownFileType = text.plist.xml; path = Info.plist; sourceTree = "<group>"; };
		884CE0751BADCE44001595E3 /* AppDelegate.swift */ = {isa = PBXFileReference; lastKnownFileType = sourcecode.swift; path = AppDelegate.swift; sourceTree = "<group>"; };
		884CE0771BADCE44001595E3 /* ViewController.swift */ = {isa = PBXFileReference; lastKnownFileType = sourcecode.swift; path = ViewController.swift; sourceTree = "<group>"; };
		884CE07A1BADCE44001595E3 /* Base */ = {isa = PBXFileReference; lastKnownFileType = file.storyboard; name = Base; path = Base.lproj/Main.storyboard; sourceTree = "<group>"; };
		884CE07C1BADCE44001595E3 /* Images.xcassets */ = {isa = PBXFileReference; lastKnownFileType = folder.assetcatalog; path = Images.xcassets; sourceTree = "<group>"; };
		884CE07F1BADCE44001595E3 /* Base */ = {isa = PBXFileReference; lastKnownFileType = file.xib; name = Base; path = Base.lproj/LaunchScreen.xib; sourceTree = "<group>"; };
		884CE0851BADCE44001595E3 /* BreakoutTests.xctest */ = {isa = PBXFileReference; explicitFileType = wrapper.cfbundle; includeInIndex = 0; path = BreakoutTests.xctest; sourceTree = BUILT_PRODUCTS_DIR; };
		884CE08A1BADCE44001595E3 /* Info.plist */ = {isa = PBXFileReference; lastKnownFileType = text.plist.xml; path = Info.plist; sourceTree = "<group>"; };
		884CE08B1BADCE44001595E3 /* BreakoutTests.swift */ = {isa = PBXFileReference; lastKnownFileType = sourcecode.swift; path = BreakoutTests.swift; sourceTree = "<group>"; };
/* End PBXFileReference section */

/* Begin PBXFrameworksBuildPhase section */
		884CE06D1BADCE44001595E3 /* Frameworks */ = {
			isa = PBXFrameworksBuildPhase;
			buildActionMask = 2147483647;
			files = (
			);
			runOnlyForDeploymentPostprocessing = 0;
		};
		884CE0821BADCE44001595E3 /* Frameworks */ = {
			isa = PBXFrameworksBuildPhase;
			buildActionMask = 2147483647;
			files = (
			);
			runOnlyForDeploymentPostprocessing = 0;
		};
/* End PBXFrameworksBuildPhase section */

/* Begin PBXGroup section */
		884CE0671BADCE43001595E3 = {
			isa = PBXGroup;
			children = (
				884CE0721BADCE44001595E3 /* Breakout */,
				884CE0881BADCE44001595E3 /* BreakoutTests */,
				884CE0711BADCE44001595E3 /* Products */,
			);
			sourceTree = "<group>";
		};
		884CE0711BADCE44001595E3 /* Products */ = {
			isa = PBXGroup;
			children = (
				884CE0701BADCE44001595E3 /* Breakout.app */,
				884CE0851BADCE44001595E3 /* BreakoutTests.xctest */,
			);
			name = Products;
			sourceTree = "<group>";
		};
		884CE0721BADCE44001595E3 /* Breakout */ = {
			isa = PBXGroup;
			children = (
				884CE0751BADCE44001595E3 /* AppDelegate.swift */,
				884CE0771BADCE44001595E3 /* ViewController.swift */,
				8821E1D91BAEC4AB008CA7CD /* BricksView.swift */,
				8821E1DB1BAF0B02008CA7CD /* BallView.swift */,
				8821E1DD1BB1C5DD008CA7CD /* PaddleView.swift */,
				884CE0791BADCE44001595E3 /* Main.storyboard */,
				884CE0731BADCE44001595E3 /* Supporting Files */,
			);
			path = Breakout;
			sourceTree = "<group>";
		};
		884CE0731BADCE44001595E3 /* Supporting Files */ = {
			isa = PBXGroup;
			children = (
				884CE07E1BADCE44001595E3 /* LaunchScreen.xib */,
				884CE07C1BADCE44001595E3 /* Images.xcassets */,
				884CE0741BADCE44001595E3 /* Info.plist */,
			);
			name = "Supporting Files";
			sourceTree = "<group>";
		};
		884CE0881BADCE44001595E3 /* BreakoutTests */ = {
			isa = PBXGroup;
			children = (
				884CE08B1BADCE44001595E3 /* BreakoutTests.swift */,
				884CE0891BADCE44001595E3 /* Supporting Files */,
			);
			path = BreakoutTests;
			sourceTree = "<group>";
		};
		884CE0891BADCE44001595E3 /* Supporting Files */ = {
			isa = PBXGroup;
			children = (
				884CE08A1BADCE44001595E3 /* Info.plist */,
			);
			name = "Supporting Files";
			sourceTree = "<group>";
		};
/* End PBXGroup section */

/* Begin PBXNativeTarget section */
		884CE06F1BADCE44001595E3 /* Breakout */ = {
			isa = PBXNativeTarget;
			buildConfigurationList = 884CE08F1BADCE44001595E3 /* Build configuration list for PBXNativeTarget "Breakout" */;
			buildPhases = (
				884CE06C1BADCE44001595E3 /* Sources */,
				884CE06D1BADCE44001595E3 /* Frameworks */,
				884CE06E1BADCE44001595E3 /* Resources */,
			);
			buildRules = (
			);
			dependencies = (
			);
			name = Breakout;
			productName = Breakout;
			productReference = 884CE0701BADCE44001595E3 /* Breakout.app */;
			productType = "com.apple.product-type.application";
		};
		884CE0841BADCE44001595E3 /* BreakoutTests */ = {
			isa = PBXNativeTarget;
			buildConfigurationList = 884CE0921BADCE44001595E3 /* Build configuration list for PBXNativeTarget "BreakoutTests" */;
			buildPhases = (
				884CE0811BADCE44001595E3 /* Sources */,
				884CE0821BADCE44001595E3 /* Frameworks */,
				884CE0831BADCE44001595E3 /* Resources */,
			);
			buildRules = (
			);
			dependencies = (
				884CE0871BADCE44001595E3 /* PBXTargetDependency */,
			);
			name = BreakoutTests;
			productName = BreakoutTests;
			productReference = 884CE0851BADCE44001595E3 /* BreakoutTests.xctest */;
			productType = "com.apple.product-type.bundle.unit-test";
		};
/* End PBXNativeTarget section */

/* Begin PBXProject section */
		884CE0681BADCE43001595E3 /* Project object */ = {
			isa = PBXProject;
			attributes = {
				LastUpgradeCheck = 0610;
				ORGANIZATIONNAME = JLLucini;
				TargetAttributes = {
					884CE06F1BADCE44001595E3 = {
						CreatedOnToolsVersion = 6.1.1;
					};
					884CE0841BADCE44001595E3 = {
						CreatedOnToolsVersion = 6.1.1;
						TestTargetID = 884CE06F1BADCE44001595E3;
					};
				};
			};
			buildConfigurationList = 884CE06B1BADCE43001595E3 /* Build configuration list for PBXProject "Breakout" */;
			compatibilityVersion = "Xcode 3.2";
			developmentRegion = English;
			hasScannedForEncodings = 0;
			knownRegions = (
				en,
				Base,
			);
			mainGroup = 884CE0671BADCE43001595E3;
			productRefGroup = 884CE0711BADCE44001595E3 /* Products */;
			projectDirPath = "";
			projectRoot = "";
			targets = (
				884CE06F1BADCE44001595E3 /* Breakout */,
				884CE0841BADCE44001595E3 /* BreakoutTests */,
			);
		};
/* End PBXProject section */

/* Begin PBXResourcesBuildPhase section */
		884CE06E1BADCE44001595E3 /* Resources */ = {
			isa = PBXResourcesBuildPhase;
			buildActionMask = 2147483647;
			files = (
				884CE07B1BADCE44001595E3 /* Main.storyboard in Resources */,
				884CE0801BADCE44001595E3 /* LaunchScreen.xib in Resources */,
				884CE07D1BADCE44001595E3 /* Images.xcassets in Resources */,
			);
			runOnlyForDeploymentPostprocessing = 0;
		};
		884CE0831BADCE44001595E3 /* Resources */ = {
			isa = PBXResourcesBuildPhase;
			buildActionMask = 2147483647;
			files = (
			);
			runOnlyForDeploymentPostprocessing = 0;
		};
/* End PBXResourcesBuildPhase section */

/* Begin PBXSourcesBuildPhase section */
		884CE06C1BADCE44001595E3 /* Sources */ = {
			isa = PBXSourcesBuildPhase;
			buildActionMask = 2147483647;
			files = (
				884CE0781BADCE44001595E3 /* ViewController.swift in Sources */,
				884CE0761BADCE44001595E3 /* AppDelegate.swift in Sources */,
				8821E1DE1BB1C5DD008CA7CD /* PaddleView.swift in Sources */,
				8821E1DA1BAEC4AB008CA7CD /* BricksView.swift in Sources */,
				8821E1DC1BAF0B02008CA7CD /* BallView.swift in Sources */,
			);
			runOnlyForDeploymentPostprocessing = 0;
		};
		884CE0811BADCE44001595E3 /* Sources */ = {
			isa = PBXSourcesBuildPhase;
			buildActionMask = 2147483647;
			files = (
				884CE08C1BADCE44001595E3 /* BreakoutTests.swift in Sources */,
			);
			runOnlyForDeploymentPostprocessing = 0;
		};
/* End PBXSourcesBuildPhase section */

/* Begin PBXTargetDependency section */
		884CE0871BADCE44001595E3 /* PBXTargetDependency */ = {
			isa = PBXTargetDependency;
			target = 884CE06F1BADCE44001595E3 /* Breakout */;
			targetProxy = 884CE0861BADCE44001595E3 /* PBXContainerItemProxy */;
		};
/* End PBXTargetDependency section */

/* Begin PBXVariantGroup section */
		884CE0791BADCE44001595E3 /* Main.storyboard */ = {
			isa = PBXVariantGroup;
			children = (
				884CE07A1BADCE44001595E3 /* Base */,
			);
			name = Main.storyboard;
			sourceTree = "<group>";
		};
		884CE07E1BADCE44001595E3 /* LaunchScreen.xib */ = {
			isa = PBXVariantGroup;
			children = (
				884CE07F1BADCE44001595E3 /* Base */,
			);
			name = LaunchScreen.xib;
			sourceTree = "<group>";
		};
/* End PBXVariantGroup section */

/* Begin XCBuildConfiguration section */
		884CE08D1BADCE44001595E3 /* Debug */ = {
			isa = XCBuildConfiguration;
			buildSettings = {
				ALWAYS_SEARCH_USER_PATHS = NO;
				CLANG_CXX_LANGUAGE_STANDARD = "gnu++0x";
				CLANG_CXX_LIBRARY = "libc++";
				CLANG_ENABLE_MODULES = YES;
				CLANG_ENABLE_OBJC_ARC = YES;
				CLANG_WARN_BOOL_CONVERSION = YES;
				CLANG_WARN_CONSTANT_CONVERSION = YES;
				CLANG_WARN_DIRECT_OBJC_ISA_USAGE = YES_ERROR;
				CLANG_WARN_EMPTY_BODY = YES;
				CLANG_WARN_ENUM_CONVERSION = YES;
				CLANG_WARN_INT_CONVERSION = YES;
				CLANG_WARN_OBJC_ROOT_CLASS = YES_ERROR;
				CLANG_WARN_UNREACHABLE_CODE = YES;
				CLANG_WARN__DUPLICATE_METHOD_MATCH = YES;
				"CODE_SIGN_IDENTITY[sdk=iphoneos*]" = "iPhone Developer";
				COPY_PHASE_STRIP = NO;
				ENABLE_STRICT_OBJC_MSGSEND = YES;
				GCC_C_LANGUAGE_STANDARD = gnu99;
				GCC_DYNAMIC_NO_PIC = NO;
				GCC_OPTIMIZATION_LEVEL = 0;
				GCC_PREPROCESSOR_DEFINITIONS = (
					"DEBUG=1",
					"$(inherited)",
				);
				GCC_SYMBOLS_PRIVATE_EXTERN = NO;
				GCC_WARN_64_TO_32_BIT_CONVERSION = YES;
				GCC_WARN_ABOUT_RETURN_TYPE = YES_ERROR;
				GCC_WARN_UNDECLARED_SELECTOR = YES;
				GCC_WARN_UNINITIALIZED_AUTOS = YES_AGGRESSIVE;
				GCC_WARN_UNUSED_FUNCTION = YES;
				GCC_WARN_UNUSED_VARIABLE = YES;
				IPHONEOS_DEPLOYMENT_TARGET = 8.1;
				MTL_ENABLE_DEBUG_INFO = YES;
				ONLY_ACTIVE_ARCH = YES;
				SDKROOT = iphoneos;
				SWIFT_OPTIMIZATION_LEVEL = "-Onone";
				TARGETED_DEVICE_FAMILY = "1,2";
			};
			name = Debug;
		};
		884CE08E1BADCE44001595E3 /* Release */ = {
			isa = XCBuildConfiguration;
			buildSettings = {
				ALWAYS_SEARCH_USER_PATHS = NO;
				CLANG_CXX_LANGUAGE_STANDARD = "gnu++0x";
				CLANG_CXX_LIBRARY = "libc++";
				CLANG_ENABLE_MODULES = YES;
				CLANG_ENABLE_OBJC_ARC = YES;
				CLANG_WARN_BOOL_CONVERSION = YES;
				CLANG_WARN_CONSTANT_CONVERSION = YES;
				CLANG_WARN_DIRECT_OBJC_ISA_USAGE = YES_ERROR;
				CLANG_WARN_EMPTY_BODY = YES;
				CLANG_WARN_ENUM_CONVERSION = YES;
				CLANG_WARN_INT_CONVERSION = YES;
				CLANG_WARN_OBJC_ROOT_CLASS = YES_ERROR;
				CLANG_WARN_UNREACHABLE_CODE = YES;
				CLANG_WARN__DUPLICATE_METHOD_MATCH = YES;
				"CODE_SIGN_IDENTITY[sdk=iphoneos*]" = "iPhone Developer";
				COPY_PHASE_STRIP = YES;
				ENABLE_NS_ASSERTIONS = NO;
				ENABLE_STRICT_OBJC_MSGSEND = YES;
				GCC_C_LANGUAGE_STANDARD = gnu99;
				GCC_WARN_64_TO_32_BIT_CONVERSION = YES;
				GCC_WARN_ABOUT_RETURN_TYPE = YES_ERROR;
				GCC_WARN_UNDECLARED_SELECTOR = YES;
				GCC_WARN_UNINITIALIZED_AUTOS = YES_AGGRESSIVE;
				GCC_WARN_UNUSED_FUNCTION = YES;
				GCC_WARN_UNUSED_VARIABLE = YES;
				IPHONEOS_DEPLOYMENT_TARGET = 8.1;
				MTL_ENABLE_DEBUG_INFO = NO;
				SDKROOT = iphoneos;
				TARGETED_DEVICE_FAMILY = "1,2";
				VALIDATE_PRODUCT = YES;
			};
			name = Release;
		};
		884CE0901BADCE44001595E3 /* Debug */ = {
			isa = XCBuildConfiguration;
			buildSettings = {
				ASSETCATALOG_COMPILER_APPICON_NAME = AppIcon;
				INFOPLIST_FILE = Breakout/Info.plist;
				LD_RUNPATH_SEARCH_PATHS = "$(inherited) @executable_path/Frameworks";
				PRODUCT_NAME = "$(TARGET_NAME)";
			};
			name = Debug;
		};
		884CE0911BADCE44001595E3 /* Release */ = {
			isa = XCBuildConfiguration;
			buildSettings = {
				ASSETCATALOG_COMPILER_APPICON_NAME = AppIcon;
				INFOPLIST_FILE = Breakout/Info.plist;
				LD_RUNPATH_SEARCH_PATHS = "$(inherited) @executable_path/Frameworks";
				PRODUCT_NAME = "$(TARGET_NAME)";
			};
			name = Release;
		};
		884CE0931BADCE44001595E3 /* Debug */ = {
			isa = XCBuildConfiguration;
			buildSettings = {
				BUNDLE_LOADER = "$(TEST_HOST)";
				FRAMEWORK_SEARCH_PATHS = (
					"$(SDKROOT)/Developer/Library/Frameworks",
					"$(inherited)",
				);
				GCC_PREPROCESSOR_DEFINITIONS = (
					"DEBUG=1",
					"$(inherited)",
				);
				INFOPLIST_FILE = BreakoutTests/Info.plist;
				LD_RUNPATH_SEARCH_PATHS = "$(inherited) @executable_path/Frameworks @loader_path/Frameworks";
				PRODUCT_NAME = "$(TARGET_NAME)";
				TEST_HOST = "$(BUILT_PRODUCTS_DIR)/Breakout.app/Breakout";
			};
			name = Debug;
		};
		884CE0941BADCE44001595E3 /* Release */ = {
			isa = XCBuildConfiguration;
			buildSettings = {
				BUNDLE_LOADER = "$(TEST_HOST)";
				FRAMEWORK_SEARCH_PATHS = (
					"$(SDKROOT)/Developer/Library/Frameworks",
					"$(inherited)",
				);
				INFOPLIST_FILE = BreakoutTests/Info.plist;
				LD_RUNPATH_SEARCH_PATHS = "$(inherited) @executable_path/Frameworks @loader_path/Frameworks";
				PRODUCT_NAME = "$(TARGET_NAME)";
				TEST_HOST = "$(BUILT_PRODUCTS_DIR)/Breakout.app/Breakout";
			};
			name = Release;
		};
/* End XCBuildConfiguration section */

/* Begin XCConfigurationList section */
		884CE06B1BADCE43001595E3 /* Build configuration list for PBXProject "Breakout" */ = {
			isa = XCConfigurationList;
			buildConfigurations = (
				884CE08D1BADCE44001595E3 /* Debug */,
				884CE08E1BADCE44001595E3 /* Release */,
			);
			defaultConfigurationIsVisible = 0;
			defaultConfigurationName = Release;
		};
		884CE08F1BADCE44001595E3 /* Build configuration list for PBXNativeTarget "Breakout" */ = {
			isa = XCConfigurationList;
			buildConfigurations = (
				884CE0901BADCE44001595E3 /* Debug */,
				884CE0911BADCE44001595E3 /* Release */,
			);
			defaultConfigurationIsVisible = 0;
			defaultConfigurationName = Release;
		};
		884CE0921BADCE44001595E3 /* Build configuration list for PBXNativeTarget "BreakoutTests" */ = {
			isa = XCConfigurationList;
			buildConfigurations = (
				884CE0931BADCE44001595E3 /* Debug */,
				884CE0941BADCE44001595E3 /* Release */,
			);
			defaultConfigurationIsVisible = 0;
			defaultConfigurationName = Release;
		};
/* End XCConfigurationList section */
	};
	rootObject = 884CE0681BADCE43001595E3 /* Project object */;
}
